// !$*UTF8*$!
{
	archiveVersion = 1;
	classes = {
	};
	objectVersion = 48;
	objects = {

/* Begin PBXBuildFile section */
		A97C6B7A200E39FA00308D9C /* CodeSampleViewController.swift in Sources */ = {isa = PBXBuildFile; fileRef = A97C6B79200E39FA00308D9C /* CodeSampleViewController.swift */; };
		A99151E61FE1600700D4059D /* AppDelegate.swift in Sources */ = {isa = PBXBuildFile; fileRef = A99151E51FE1600700D4059D /* AppDelegate.swift */; };
		A99151E81FE1600700D4059D /* StoryBoardSampleViewController.swift in Sources */ = {isa = PBXBuildFile; fileRef = A99151E71FE1600700D4059D /* StoryBoardSampleViewController.swift */; };
		A99151EB1FE1600700D4059D /* Main.storyboard in Resources */ = {isa = PBXBuildFile; fileRef = A99151E91FE1600700D4059D /* Main.storyboard */; };
		A99151ED1FE1600700D4059D /* Assets.xcassets in Resources */ = {isa = PBXBuildFile; fileRef = A99151EC1FE1600700D4059D /* Assets.xcassets */; };
		A99151FA1FE1624E00D4059D /* VerticalLayoutButton.swift in Sources */ = {isa = PBXBuildFile; fileRef = A99151F91FE1624E00D4059D /* VerticalLayoutButton.swift */; };
		A9BB155E200E36C50024FE0B /* TopViewController.swift in Sources */ = {isa = PBXBuildFile; fileRef = A9BB155D200E36C50024FE0B /* TopViewController.swift */; };
/* End PBXBuildFile section */

/* Begin PBXFileReference section */
		A97C6B79200E39FA00308D9C /* CodeSampleViewController.swift */ = {isa = PBXFileReference; lastKnownFileType = sourcecode.swift; path = CodeSampleViewController.swift; sourceTree = "<group>"; };
		A99151E21FE1600700D4059D /* VerticalLayoutButton.app */ = {isa = PBXFileReference; explicitFileType = wrapper.application; includeInIndex = 0; path = VerticalLayoutButton.app; sourceTree = BUILT_PRODUCTS_DIR; };
		A99151E51FE1600700D4059D /* AppDelegate.swift */ = {isa = PBXFileReference; lastKnownFileType = sourcecode.swift; path = AppDelegate.swift; sourceTree = "<group>"; };
		A99151E71FE1600700D4059D /* StoryBoardSampleViewController.swift */ = {isa = PBXFileReference; lastKnownFileType = sourcecode.swift; path = StoryBoardSampleViewController.swift; sourceTree = "<group>"; };
		A99151EA1FE1600700D4059D /* Base */ = {isa = PBXFileReference; lastKnownFileType = file.storyboard; name = Base; path = Base.lproj/Main.storyboard; sourceTree = "<group>"; };
		A99151EC1FE1600700D4059D /* Assets.xcassets */ = {isa = PBXFileReference; lastKnownFileType = folder.assetcatalog; path = Assets.xcassets; sourceTree = "<group>"; };
		A99151F11FE1600700D4059D /* Info.plist */ = {isa = PBXFileReference; lastKnownFileType = text.plist.xml; path = Info.plist; sourceTree = "<group>"; };
		A99151F91FE1624E00D4059D /* VerticalLayoutButton.swift */ = {isa = PBXFileReference; fileEncoding = 4; lastKnownFileType = sourcecode.swift; path = VerticalLayoutButton.swift; sourceTree = "<group>"; };
		A9BB155D200E36C50024FE0B /* TopViewController.swift */ = {isa = PBXFileReference; lastKnownFileType = sourcecode.swift; path = TopViewController.swift; sourceTree = "<group>"; };
/* End PBXFileReference section */

/* Begin PBXFrameworksBuildPhase section */
		A99151DF1FE1600700D4059D /* Frameworks */ = {
			isa = PBXFrameworksBuildPhase;
			buildActionMask = 2147483647;
			files = (
			);
			runOnlyForDeploymentPostprocessing = 0;
		};
/* End PBXFrameworksBuildPhase section */

/* Begin PBXGroup section */
		A99151D91FE1600700D4059D = {
			isa = PBXGroup;
			children = (
				A99151E41FE1600700D4059D /* VerticalLayoutButton */,
				A99151E31FE1600700D4059D /* Products */,
			);
			sourceTree = "<group>";
		};
		A99151E31FE1600700D4059D /* Products */ = {
			isa = PBXGroup;
			children = (
				A99151E21FE1600700D4059D /* VerticalLayoutButton.app */,
			);
			name = Products;
			sourceTree = "<group>";
		};
		A99151E41FE1600700D4059D /* VerticalLayoutButton */ = {
			isa = PBXGroup;
			children = (
				A99151E51FE1600700D4059D /* AppDelegate.swift */,
				A99151E71FE1600700D4059D /* StoryBoardSampleViewController.swift */,
				A99151F91FE1624E00D4059D /* VerticalLayoutButton.swift */,
				A99151E91FE1600700D4059D /* Main.storyboard */,
				A97C6B79200E39FA00308D9C /* CodeSampleViewController.swift */,
				A9BB155D200E36C50024FE0B /* TopViewController.swift */,
				A99151EC1FE1600700D4059D /* Assets.xcassets */,
				A99151F11FE1600700D4059D /* Info.plist */,
			);
			path = VerticalLayoutButton;
			sourceTree = "<group>";
		};
/* End PBXGroup section */

/* Begin PBXNativeTarget section */
		A99151E11FE1600700D4059D /* VerticalLayoutButton */ = {
			isa = PBXNativeTarget;
			buildConfigurationList = A99151F41FE1600700D4059D /* Build configuration list for PBXNativeTarget "VerticalLayoutButton" */;
			buildPhases = (
				A99151DE1FE1600700D4059D /* Sources */,
				A99151DF1FE1600700D4059D /* Frameworks */,
				A99151E01FE1600700D4059D /* Resources */,
			);
			buildRules = (
			);
			dependencies = (
			);
			name = VerticalLayoutButton;
			productName = VerticalLayoutButton;
			productReference = A99151E21FE1600700D4059D /* VerticalLayoutButton.app */;
			productType = "com.apple.product-type.application";
		};
/* End PBXNativeTarget section */

/* Begin PBXProject section */
		A99151DA1FE1600700D4059D /* Project object */ = {
			isa = PBXProject;
			attributes = {
				LastSwiftUpdateCheck = 0900;
				LastUpgradeCheck = 0900;
				ORGANIZATIONNAME = "Yuki Sumida";
				TargetAttributes = {
					A99151E11FE1600700D4059D = {
						CreatedOnToolsVersion = 9.0.1;
						ProvisioningStyle = Automatic;
					};
				};
			};
			buildConfigurationList = A99151DD1FE1600700D4059D /* Build configuration list for PBXProject "VerticalLayoutButton" */;
			compatibilityVersion = "Xcode 8.0";
			developmentRegion = en;
			hasScannedForEncodings = 0;
			knownRegions = (
				en,
				Base,
			);
			mainGroup = A99151D91FE1600700D4059D;
			productRefGroup = A99151E31FE1600700D4059D /* Products */;
			projectDirPath = "";
			projectRoot = "";
			targets = (
				A99151E11FE1600700D4059D /* VerticalLayoutButton */,
			);
		};
/* End PBXProject section */

/* Begin PBXResourcesBuildPhase section */
		A99151E01FE1600700D4059D /* Resources */ = {
			isa = PBXResourcesBuildPhase;
			buildActionMask = 2147483647;
			files = (
				A99151ED1FE1600700D4059D /* Assets.xcassets in Resources */,
				A99151EB1FE1600700D4059D /* Main.storyboard in Resources */,
			);
			runOnlyForDeploymentPostprocessing = 0;
		};
/* End PBXResourcesBuildPhase section */

/* Begin PBXSourcesBuildPhase section */
		A99151DE1FE1600700D4059D /* Sources */ = {
			isa = PBXSourcesBuildPhase;
			buildActionMask = 2147483647;
			files = (
				A99151E81FE1600700D4059D /* StoryBoardSampleViewController.swift in Sources */,
				A99151FA1FE1624E00D4059D /* VerticalLayoutButton.swift in Sources */,
				A97C6B7A200E39FA00308D9C /* CodeSampleViewController.swift in Sources */,
				A9BB155E200E36C50024FE0B /* TopViewController.swift in Sources */,
				A99151E61FE1600700D4059D /* AppDelegate.swift in Sources */,
			);
			runOnlyForDeploymentPostprocessing = 0;
		};
/* End PBXSourcesBuildPhase section */

/* Begin PBXVariantGroup section */
		A99151E91FE1600700D4059D /* Main.storyboard */ = {
			isa = PBXVariantGroup;
			children = (
				A99151EA1FE1600700D4059D /* Base */,
			);
			name = Main.storyboard;
			sourceTree = "<group>";
		};
/* End PBXVariantGroup section */

/* Begin XCBuildConfiguration section */
		A99151F21FE1600700D4059D /* Debug */ = {
			isa = XCBuildConfiguration;
			buildSettings = {
				ALWAYS_SEARCH_USER_PATHS = NO;
				CLANG_ANALYZER_NONNULL = YES;
				CLANG_ANALYZER_NUMBER_OBJECT_CONVERSION = YES_AGGRESSIVE;
				CLANG_CXX_LANGUAGE_STANDARD = "gnu++14";
				CLANG_CXX_LIBRARY = "libc++";
				CLANG_ENABLE_MODULES = YES;
				CLANG_ENABLE_OBJC_ARC = YES;
				CLANG_WARN_BLOCK_CAPTURE_AUTORELEASING = YES;
				CLANG_WARN_BOOL_CONVERSION = YES;
				CLANG_WARN_COMMA = YES;
				CLANG_WARN_CONSTANT_CONVERSION = YES;
				CLANG_WARN_DIRECT_OBJC_ISA_USAGE = YES_ERROR;
				CLANG_WARN_DOCUMENTATION_COMMENTS = YES;
				CLANG_WARN_EMPTY_BODY = YES;
				CLANG_WARN_ENUM_CONVERSION = YES;
				CLANG_WARN_INFINITE_RECURSION = YES;
				CLANG_WARN_INT_CONVERSION = YES;
				CLANG_WARN_NON_LITERAL_NULL_CONVERSION = YES;
				CLANG_WARN_OBJC_LITERAL_CONVERSION = YES;
				CLANG_WARN_OBJC_ROOT_CLASS = YES_ERROR;
				CLANG_WARN_RANGE_LOOP_ANALYSIS = YES;
				CLANG_WARN_STRICT_PROTOTYPES = YES;
				CLANG_WARN_SUSPICIOUS_MOVE = YES;
				CLANG_WARN_UNGUARDED_AVAILABILITY = YES_AGGRESSIVE;
				CLANG_WARN_UNREACHABLE_CODE = YES;
				CLANG_WARN__DUPLICATE_METHOD_MATCH = YES;
				CODE_SIGN_IDENTITY = "iPhone Developer";
				COPY_PHASE_STRIP = NO;
				DEBUG_INFORMATION_FORMAT = dwarf;
				ENABLE_STRICT_OBJC_MSGSEND = YES;
				ENABLE_TESTABILITY = YES;
				GCC_C_LANGUAGE_STANDARD = gnu11;
				GCC_DYNAMIC_NO_PIC = NO;
				GCC_NO_COMMON_BLOCKS = YES;
				GCC_OPTIMIZATION_LEVEL = 0;
				GCC_PREPROCESSOR_DEFINITIONS = (
					"DEBUG=1",
					"$(inherited)",
				);
				GCC_WARN_64_TO_32_BIT_CONVERSION = YES;
				GCC_WARN_ABOUT_RETURN_TYPE = YES_ERROR;
				GCC_WARN_UNDECLARED_SELECTOR = YES;
				GCC_WARN_UNINITIALIZED_AUTOS = YES_AGGRESSIVE;
				GCC_WARN_UNUSED_FUNCTION = YES;
				GCC_WARN_UNUSED_VARIABLE = YES;
				IPHONEOS_DEPLOYMENT_TARGET = 11.0;
				MTL_ENABLE_DEBUG_INFO = YES;
				ONLY_ACTIVE_ARCH = YES;
				SDKROOT = iphoneos;
				SWIFT_ACTIVE_COMPILATION_CONDITIONS = DEBUG;
				SWIFT_OPTIMIZATION_LEVEL = "-Onone";
			};
			name = Debug;
		};
		A99151F31FE1600700D4059D /* Release */ = {
			isa = XCBuildConfiguration;
			buildSettings = {
				ALWAYS_SEARCH_USER_PATHS = NO;
				CLANG_ANALYZER_NONNULL = YES;
				CLANG_ANALYZER_NUMBER_OBJECT_CONVERSION = YES_AGGRESSIVE;
				CLANG_CXX_LANGUAGE_STANDARD = "gnu++14";
				CLANG_CXX_LIBRARY = "libc++";
				CLANG_ENABLE_MODULES = YES;
				CLANG_ENABLE_OBJC_ARC = YES;
				CLANG_WARN_BLOCK_CAPTURE_AUTORELEASING = YES;
				CLANG_WARN_BOOL_CONVERSION = YES;
				CLANG_WARN_COMMA = YES;
				CLANG_WARN_CONSTANT_CONVERSION = YES;
				CLANG_WARN_DIRECT_OBJC_ISA_USAGE = YES_ERROR;
				CLANG_WARN_DOCUMENTATION_COMMENTS = YES;
				CLANG_WARN_EMPTY_BODY = YES;
				CLANG_WARN_ENUM_CONVERSION = YES;
				CLANG_WARN_INFINITE_RECURSION = YES;
				CLANG_WARN_INT_CONVERSION = YES;
				CLANG_WARN_NON_LITERAL_NULL_CONVERSION = YES;
				CLANG_WARN_OBJC_LITERAL_CONVERSION = YES;
				CLANG_WARN_OBJC_ROOT_CLASS = YES_ERROR;
				CLANG_WARN_RANGE_LOOP_ANALYSIS = YES;
				CLANG_WARN_STRICT_PROTOTYPES = YES;
				CLANG_WARN_SUSPICIOUS_MOVE = YES;
				CLANG_WARN_UNGUARDED_AVAILABILITY = YES_AGGRESSIVE;
				CLANG_WARN_UNREACHABLE_CODE = YES;
				CLANG_WARN__DUPLICATE_METHOD_MATCH = YES;
				CODE_SIGN_IDENTITY = "iPhone Developer";
				COPY_PHASE_STRIP = NO;
				DEBUG_INFORMATION_FORMAT = "dwarf-with-dsym";
				ENABLE_NS_ASSERTIONS = NO;
				ENABLE_STRICT_OBJC_MSGSEND = YES;
				GCC_C_LANGUAGE_STANDARD = gnu11;
				GCC_NO_COMMON_BLOCKS = YES;
				GCC_WARN_64_TO_32_BIT_CONVERSION = YES;
				GCC_WARN_ABOUT_RETURN_TYPE = YES_ERROR;
				GCC_WARN_UNDECLARED_SELECTOR = YES;
				GCC_WARN_UNINITIALIZED_AUTOS = YES_AGGRESSIVE;
				GCC_WARN_UNUSED_FUNCTION = YES;
				GCC_WARN_UNUSED_VARIABLE = YES;
				IPHONEOS_DEPLOYMENT_TARGET = 11.0;
				MTL_ENABLE_DEBUG_INFO = NO;
				SDKROOT = iphoneos;
				SWIFT_OPTIMIZATION_LEVEL = "-Owholemodule";
				VALIDATE_PRODUCT = YES;
			};
			name = Release;
		};
		A99151F51FE1600700D4059D /* Debug */ = {
			isa = XCBuildConfiguration;
			buildSettings = {
				ASSETCATALOG_COMPILER_APPICON_NAME = AppIcon;
				CODE_SIGN_STYLE = Automatic;
				INFOPLIST_FILE = VerticalLayoutButton/Info.plist;
				LD_RUNPATH_SEARCH_PATHS = "$(inherited) @executable_path/Frameworks";
				PRODUCT_BUNDLE_IDENTIFIER = sample.VerticalLayoutButton;
				PRODUCT_NAME = "$(TARGET_NAME)";
				SWIFT_VERSION = 4.0;
				TARGETED_DEVICE_FAMILY = "1,2";
			};
			name = Debug;
		};
		A99151F61FE1600700D4059D /* Release */ = {
			isa = XCBuildConfiguration;
			buildSettings = {
				ASSETCATALOG_COMPILER_APPICON_NAME = AppIcon;
				CODE_SIGN_STYLE = Automatic;
				INFOPLIST_FILE = VerticalLayoutButton/Info.plist;
				LD_RUNPATH_SEARCH_PATHS = "$(inherited) @executable_path/Frameworks";
				PRODUCT_BUNDLE_IDENTIFIER = sample.VerticalLayoutButton;
				PRODUCT_NAME = "$(TARGET_NAME)";
				SWIFT_VERSION = 4.0;
				TARGETED_DEVICE_FAMILY = "1,2";
			};
			name = Release;
		};
/* End XCBuildConfiguration section */

/* Begin XCConfigurationList section */
		A99151DD1FE1600700D4059D /* Build configuration list for PBXProject "VerticalLayoutButton" */ = {
			isa = XCConfigurationList;
			buildConfigurations = (
				A99151F21FE1600700D4059D /* Debug */,
				A99151F31FE1600700D4059D /* Release */,
			);
			defaultConfigurationIsVisible = 0;
			defaultConfigurationName = Release;
		};
		A99151F41FE1600700D4059D /* Build configuration list for PBXNativeTarget "VerticalLayoutButton" */ = {
			isa = XCConfigurationList;
			buildConfigurations = (
				A99151F51FE1600700D4059D /* Debug */,
				A99151F61FE1600700D4059D /* Release */,
			);
			defaultConfigurationIsVisible = 0;
			defaultConfigurationName = Release;
		};
/* End XCConfigurationList section */
	};
	rootObject = A99151DA1FE1600700D4059D /* Project object */;
}
